// !$*UTF8*$!
{
	archiveVersion = 1;
	classes = {
	};
	objectVersion = 46;
	objects = {

/* Begin PBXBuildFile section */
		9A0408E41A78D0E20062CD3D /* Post.swift in Sources */ = {isa = PBXBuildFile; fileRef = 9A0408E31A78D0E20062CD3D /* Post.swift */; };
		9A0408E91A79BA200062CD3D /* Extensions.swift in Sources */ = {isa = PBXBuildFile; fileRef = 9A0408E81A79BA200062CD3D /* Extensions.swift */; };
		9A2BE2C31A75276A0012E2BA /* Gate.swift in Sources */ = {isa = PBXBuildFile; fileRef = 9A2BE2C21A75276A0012E2BA /* Gate.swift */; };
		9A6E17EB1A73111A0037F9F2 /* SwiftHTTP.framework in Frameworks */ = {isa = PBXBuildFile; fileRef = 9A94B0801A7297FB003117B8 /* SwiftHTTP.framework */; };
		9A6E17EC1A73111A0037F9F2 /* SwiftHTTP.framework in Embed Frameworks */ = {isa = PBXBuildFile; fileRef = 9A94B0801A7297FB003117B8 /* SwiftHTTP.framework */; settings = {ATTRIBUTES = (CodeSignOnCopy, RemoveHeadersOnCopy, ); }; };
		9A6E17F61A7321FB0037F9F2 /* Images.xcassets in Resources */ = {isa = PBXBuildFile; fileRef = 9A94B05D1A72476F003117B8 /* Images.xcassets */; };
		9A6E17F81A73534B0037F9F2 /* MainViewController.swift in Sources */ = {isa = PBXBuildFile; fileRef = 9A6E17F71A73534B0037F9F2 /* MainViewController.swift */; };
		9A6E17FA1A7479FA0037F9F2 /* GatesViewController.swift in Sources */ = {isa = PBXBuildFile; fileRef = 9A6E17F91A7479FA0037F9F2 /* GatesViewController.swift */; };
		9A6E17FC1A747A080037F9F2 /* FeedViewController.swift in Sources */ = {isa = PBXBuildFile; fileRef = 9A6E17FB1A747A080037F9F2 /* FeedViewController.swift */; };
		9A94B0571A72476F003117B8 /* AppDelegate.swift in Sources */ = {isa = PBXBuildFile; fileRef = 9A94B0561A72476F003117B8 /* AppDelegate.swift */; };
		9A94B05C1A72476F003117B8 /* Main.storyboard in Resources */ = {isa = PBXBuildFile; fileRef = 9A94B05A1A72476F003117B8 /* Main.storyboard */; };
		9A94B0611A72476F003117B8 /* LaunchScreen.xib in Resources */ = {isa = PBXBuildFile; fileRef = 9A94B05F1A72476F003117B8 /* LaunchScreen.xib */; };
		9A94B06D1A72476F003117B8 /* GateTests.swift in Sources */ = {isa = PBXBuildFile; fileRef = 9A94B06C1A72476F003117B8 /* GateTests.swift */; };
		9A94B0771A725A90003117B8 /* LoginRegisterViewController.swift in Sources */ = {isa = PBXBuildFile; fileRef = 9A94B0761A725A90003117B8 /* LoginRegisterViewController.swift */; };
		9A94B0871A72986E003117B8 /* SwiftHTTP.framework in Frameworks */ = {isa = PBXBuildFile; fileRef = 9A94B0801A7297FB003117B8 /* SwiftHTTP.framework */; };
		9AF860451A76DBF8002951C5 /* CreateKeyViewController.swift in Sources */ = {isa = PBXBuildFile; fileRef = 9AF860441A76DBF8002951C5 /* CreateKeyViewController.swift */; };
/* End PBXBuildFile section */

/* Begin PBXContainerItemProxy section */
		9A6E17ED1A73111A0037F9F2 /* PBXContainerItemProxy */ = {
			isa = PBXContainerItemProxy;
			containerPortal = 9A94B0781A7297FB003117B8 /* SwiftHTTP.xcodeproj */;
			proxyType = 1;
			remoteGlobalIDString = 6BFD901519C8D8B500DD99B6;
			remoteInfo = SwiftHTTP;
		};
		9A94B0671A72476F003117B8 /* PBXContainerItemProxy */ = {
			isa = PBXContainerItemProxy;
			containerPortal = 9A94B0491A72476F003117B8 /* Project object */;
			proxyType = 1;
			remoteGlobalIDString = 9A94B0501A72476F003117B8;
			remoteInfo = Gate;
		};
		9A94B07F1A7297FB003117B8 /* PBXContainerItemProxy */ = {
			isa = PBXContainerItemProxy;
			containerPortal = 9A94B0781A7297FB003117B8 /* SwiftHTTP.xcodeproj */;
			proxyType = 2;
			remoteGlobalIDString = 6BFD901619C8D8B500DD99B6;
			remoteInfo = SwiftHTTP;
		};
		9A94B0811A7297FB003117B8 /* PBXContainerItemProxy */ = {
			isa = PBXContainerItemProxy;
			containerPortal = 9A94B0781A7297FB003117B8 /* SwiftHTTP.xcodeproj */;
			proxyType = 2;
			remoteGlobalIDString = 6BFD902119C8D8B500DD99B6;
			remoteInfo = SwiftHTTPTests;
		};
		9A94B0831A7297FB003117B8 /* PBXContainerItemProxy */ = {
			isa = PBXContainerItemProxy;
			containerPortal = 9A94B0781A7297FB003117B8 /* SwiftHTTP.xcodeproj */;
			proxyType = 2;
			remoteGlobalIDString = D958025919E6EEEB003C8218;
			remoteInfo = SwiftHTTPOSX;
		};
		9A94B0851A7297FB003117B8 /* PBXContainerItemProxy */ = {
			isa = PBXContainerItemProxy;
			containerPortal = 9A94B0781A7297FB003117B8 /* SwiftHTTP.xcodeproj */;
			proxyType = 2;
			remoteGlobalIDString = D958026319E6EEEB003C8218;
			remoteInfo = SwiftHTTPOSXTests;
		};
/* End PBXContainerItemProxy section */

/* Begin PBXCopyFilesBuildPhase section */
		9A6E17EF1A73111A0037F9F2 /* Embed Frameworks */ = {
			isa = PBXCopyFilesBuildPhase;
			buildActionMask = 2147483647;
			dstPath = "";
			dstSubfolderSpec = 10;
			files = (
				9A6E17EC1A73111A0037F9F2 /* SwiftHTTP.framework in Embed Frameworks */,
			);
			name = "Embed Frameworks";
			runOnlyForDeploymentPostprocessing = 0;
		};
/* End PBXCopyFilesBuildPhase section */

/* Begin PBXFileReference section */
		9A0408E31A78D0E20062CD3D /* Post.swift */ = {isa = PBXFileReference; fileEncoding = 4; lastKnownFileType = sourcecode.swift; path = Post.swift; sourceTree = "<group>"; };
		9A0408E81A79BA200062CD3D /* Extensions.swift */ = {isa = PBXFileReference; fileEncoding = 4; lastKnownFileType = sourcecode.swift; path = Extensions.swift; sourceTree = "<group>"; };
		9A2BE2BF1A75189E0012E2BA /* UIKit.framework */ = {isa = PBXFileReference; lastKnownFileType = wrapper.framework; name = UIKit.framework; path = System/Library/Frameworks/UIKit.framework; sourceTree = SDKROOT; };
		9A2BE2C21A75276A0012E2BA /* Gate.swift */ = {isa = PBXFileReference; fileEncoding = 4; lastKnownFileType = sourcecode.swift; path = Gate.swift; sourceTree = "<group>"; };
		9A6E17F71A73534B0037F9F2 /* MainViewController.swift */ = {isa = PBXFileReference; fileEncoding = 4; lastKnownFileType = sourcecode.swift; path = MainViewController.swift; sourceTree = "<group>"; };
		9A6E17F91A7479FA0037F9F2 /* GatesViewController.swift */ = {isa = PBXFileReference; fileEncoding = 4; lastKnownFileType = sourcecode.swift; path = GatesViewController.swift; sourceTree = "<group>"; };
		9A6E17FB1A747A080037F9F2 /* FeedViewController.swift */ = {isa = PBXFileReference; fileEncoding = 4; lastKnownFileType = sourcecode.swift; path = FeedViewController.swift; sourceTree = "<group>"; };
		9A94B0511A72476F003117B8 /* Gate.app */ = {isa = PBXFileReference; explicitFileType = wrapper.application; includeInIndex = 0; path = Gate.app; sourceTree = BUILT_PRODUCTS_DIR; };
		9A94B0551A72476F003117B8 /* Info.plist */ = {isa = PBXFileReference; lastKnownFileType = text.plist.xml; path = Info.plist; sourceTree = "<group>"; };
		9A94B0561A72476F003117B8 /* AppDelegate.swift */ = {isa = PBXFileReference; lastKnownFileType = sourcecode.swift; path = AppDelegate.swift; sourceTree = "<group>"; };
		9A94B05B1A72476F003117B8 /* Base */ = {isa = PBXFileReference; lastKnownFileType = file.storyboard; name = Base; path = Base.lproj/Main.storyboard; sourceTree = "<group>"; };
		9A94B05D1A72476F003117B8 /* Images.xcassets */ = {isa = PBXFileReference; lastKnownFileType = folder.assetcatalog; path = Images.xcassets; sourceTree = "<group>"; };
		9A94B0601A72476F003117B8 /* Base */ = {isa = PBXFileReference; lastKnownFileType = file.xib; name = Base; path = Base.lproj/LaunchScreen.xib; sourceTree = "<group>"; };
		9A94B0661A72476F003117B8 /* GateTests.xctest */ = {isa = PBXFileReference; explicitFileType = wrapper.cfbundle; includeInIndex = 0; path = GateTests.xctest; sourceTree = BUILT_PRODUCTS_DIR; };
		9A94B06B1A72476F003117B8 /* Info.plist */ = {isa = PBXFileReference; lastKnownFileType = text.plist.xml; path = Info.plist; sourceTree = "<group>"; };
		9A94B06C1A72476F003117B8 /* GateTests.swift */ = {isa = PBXFileReference; lastKnownFileType = sourcecode.swift; path = GateTests.swift; sourceTree = "<group>"; };
		9A94B0761A725A90003117B8 /* LoginRegisterViewController.swift */ = {isa = PBXFileReference; fileEncoding = 4; lastKnownFileType = sourcecode.swift; path = LoginRegisterViewController.swift; sourceTree = "<group>"; };
		9A94B0781A7297FB003117B8 /* SwiftHTTP.xcodeproj */ = {isa = PBXFileReference; lastKnownFileType = "wrapper.pb-project"; name = SwiftHTTP.xcodeproj; path = "../../../../Downloads/SwiftHTTP-master/SwiftHTTP.xcodeproj"; sourceTree = "<group>"; };
		9AF860441A76DBF8002951C5 /* CreateKeyViewController.swift */ = {isa = PBXFileReference; fileEncoding = 4; lastKnownFileType = sourcecode.swift; path = CreateKeyViewController.swift; sourceTree = "<group>"; };
/* End PBXFileReference section */

/* Begin PBXFrameworksBuildPhase section */
		9A94B04E1A72476F003117B8 /* Frameworks */ = {
			isa = PBXFrameworksBuildPhase;
			buildActionMask = 2147483647;
			files = (
				9A6E17EB1A73111A0037F9F2 /* SwiftHTTP.framework in Frameworks */,
				9A94B0871A72986E003117B8 /* SwiftHTTP.framework in Frameworks */,
			);
			runOnlyForDeploymentPostprocessing = 0;
		};
		9A94B0631A72476F003117B8 /* Frameworks */ = {
			isa = PBXFrameworksBuildPhase;
			buildActionMask = 2147483647;
			files = (
			);
			runOnlyForDeploymentPostprocessing = 0;
		};
/* End PBXFrameworksBuildPhase section */

/* Begin PBXGroup section */
		9A94B0481A72476F003117B8 = {
			isa = PBXGroup;
			children = (
				9A2BE2BF1A75189E0012E2BA /* UIKit.framework */,
				9A94B0531A72476F003117B8 /* Gate */,
				9A94B0691A72476F003117B8 /* GateTests */,
				9A94B0521A72476F003117B8 /* Products */,
				9A94B0781A7297FB003117B8 /* SwiftHTTP.xcodeproj */,
			);
			sourceTree = "<group>";
		};
		9A94B0521A72476F003117B8 /* Products */ = {
			isa = PBXGroup;
			children = (
				9A94B0511A72476F003117B8 /* Gate.app */,
				9A94B0661A72476F003117B8 /* GateTests.xctest */,
			);
			name = Products;
			sourceTree = "<group>";
		};
		9A94B0531A72476F003117B8 /* Gate */ = {
			isa = PBXGroup;
			children = (
				9A94B0561A72476F003117B8 /* AppDelegate.swift */,
				9A94B0761A725A90003117B8 /* LoginRegisterViewController.swift */,
				9A94B05A1A72476F003117B8 /* Main.storyboard */,
				9A6E17F71A73534B0037F9F2 /* MainViewController.swift */,
				9A6E17F91A7479FA0037F9F2 /* GatesViewController.swift */,
				9A6E17FB1A747A080037F9F2 /* FeedViewController.swift */,
				9A0408E81A79BA200062CD3D /* Extensions.swift */,
				9A94B05D1A72476F003117B8 /* Images.xcassets */,
				9A94B05F1A72476F003117B8 /* LaunchScreen.xib */,
				9A94B0541A72476F003117B8 /* Supporting Files */,
				9A2BE2C21A75276A0012E2BA /* Gate.swift */,
				9A0408E31A78D0E20062CD3D /* Post.swift */,
				9AF860441A76DBF8002951C5 /* CreateKeyViewController.swift */,
			);
			path = Gate;
			sourceTree = "<group>";
		};
		9A94B0541A72476F003117B8 /* Supporting Files */ = {
			isa = PBXGroup;
			children = (
				9A94B0551A72476F003117B8 /* Info.plist */,
			);
			name = "Supporting Files";
			sourceTree = "<group>";
		};
		9A94B0691A72476F003117B8 /* GateTests */ = {
			isa = PBXGroup;
			children = (
				9A94B06C1A72476F003117B8 /* GateTests.swift */,
				9A94B06A1A72476F003117B8 /* Supporting Files */,
			);
			path = GateTests;
			sourceTree = "<group>";
		};
		9A94B06A1A72476F003117B8 /* Supporting Files */ = {
			isa = PBXGroup;
			children = (
				9A94B06B1A72476F003117B8 /* Info.plist */,
			);
			name = "Supporting Files";
			sourceTree = "<group>";
		};
		9A94B0791A7297FB003117B8 /* Products */ = {
			isa = PBXGroup;
			children = (
				9A94B0801A7297FB003117B8 /* SwiftHTTP.framework */,
				9A94B0821A7297FB003117B8 /* SwiftHTTPTests.xctest */,
				9A94B0841A7297FB003117B8 /* SwiftHTTPOSX.framework */,
				9A94B0861A7297FB003117B8 /* SwiftHTTPOSXTests.xctest */,
			);
			name = Products;
			sourceTree = "<group>";
		};
/* End PBXGroup section */

/* Begin PBXNativeTarget section */
		9A94B0501A72476F003117B8 /* Gate */ = {
			isa = PBXNativeTarget;
			buildConfigurationList = 9A94B0701A72476F003117B8 /* Build configuration list for PBXNativeTarget "Gate" */;
			buildPhases = (
				9A94B04D1A72476F003117B8 /* Sources */,
				9A94B04E1A72476F003117B8 /* Frameworks */,
				9A94B04F1A72476F003117B8 /* Resources */,
				9A6E17EF1A73111A0037F9F2 /* Embed Frameworks */,
			);
			buildRules = (
			);
			dependencies = (
				9A6E17EE1A73111A0037F9F2 /* PBXTargetDependency */,
			);
			name = Gate;
			productName = Gate;
			productReference = 9A94B0511A72476F003117B8 /* Gate.app */;
			productType = "com.apple.product-type.application";
		};
		9A94B0651A72476F003117B8 /* GateTests */ = {
			isa = PBXNativeTarget;
			buildConfigurationList = 9A94B0731A72476F003117B8 /* Build configuration list for PBXNativeTarget "GateTests" */;
			buildPhases = (
				9A94B0621A72476F003117B8 /* Sources */,
				9A94B0631A72476F003117B8 /* Frameworks */,
				9A94B0641A72476F003117B8 /* Resources */,
			);
			buildRules = (
			);
			dependencies = (
				9A94B0681A72476F003117B8 /* PBXTargetDependency */,
			);
			name = GateTests;
			productName = GateTests;
			productReference = 9A94B0661A72476F003117B8 /* GateTests.xctest */;
			productType = "com.apple.product-type.bundle.unit-test";
		};
/* End PBXNativeTarget section */

/* Begin PBXProject section */
		9A94B0491A72476F003117B8 /* Project object */ = {
			isa = PBXProject;
			attributes = {
				LastUpgradeCheck = 0610;
				ORGANIZATIONNAME = "David Ilizarov";
				TargetAttributes = {
					9A94B0501A72476F003117B8 = {
						CreatedOnToolsVersion = 6.1.1;
						DevelopmentTeam = ULTD2T59T4;
					};
					9A94B0651A72476F003117B8 = {
						CreatedOnToolsVersion = 6.1.1;
						TestTargetID = 9A94B0501A72476F003117B8;
					};
				};
			};
			buildConfigurationList = 9A94B04C1A72476F003117B8 /* Build configuration list for PBXProject "Gate" */;
			compatibilityVersion = "Xcode 3.2";
			developmentRegion = English;
			hasScannedForEncodings = 0;
			knownRegions = (
				en,
				Base,
			);
			mainGroup = 9A94B0481A72476F003117B8;
			productRefGroup = 9A94B0521A72476F003117B8 /* Products */;
			projectDirPath = "";
			projectReferences = (
				{
					ProductGroup = 9A94B0791A7297FB003117B8 /* Products */;
					ProjectRef = 9A94B0781A7297FB003117B8 /* SwiftHTTP.xcodeproj */;
				},
			);
			projectRoot = "";
			targets = (
				9A94B0501A72476F003117B8 /* Gate */,
				9A94B0651A72476F003117B8 /* GateTests */,
			);
		};
/* End PBXProject section */

/* Begin PBXReferenceProxy section */
		9A94B0801A7297FB003117B8 /* SwiftHTTP.framework */ = {
			isa = PBXReferenceProxy;
			fileType = wrapper.framework;
			path = SwiftHTTP.framework;
			remoteRef = 9A94B07F1A7297FB003117B8 /* PBXContainerItemProxy */;
			sourceTree = BUILT_PRODUCTS_DIR;
		};
		9A94B0821A7297FB003117B8 /* SwiftHTTPTests.xctest */ = {
			isa = PBXReferenceProxy;
			fileType = wrapper.cfbundle;
			path = SwiftHTTPTests.xctest;
			remoteRef = 9A94B0811A7297FB003117B8 /* PBXContainerItemProxy */;
			sourceTree = BUILT_PRODUCTS_DIR;
		};
		9A94B0841A7297FB003117B8 /* SwiftHTTPOSX.framework */ = {
			isa = PBXReferenceProxy;
			fileType = wrapper.framework;
			path = SwiftHTTPOSX.framework;
			remoteRef = 9A94B0831A7297FB003117B8 /* PBXContainerItemProxy */;
			sourceTree = BUILT_PRODUCTS_DIR;
		};
		9A94B0861A7297FB003117B8 /* SwiftHTTPOSXTests.xctest */ = {
			isa = PBXReferenceProxy;
			fileType = wrapper.cfbundle;
			path = SwiftHTTPOSXTests.xctest;
			remoteRef = 9A94B0851A7297FB003117B8 /* PBXContainerItemProxy */;
			sourceTree = BUILT_PRODUCTS_DIR;
		};
/* End PBXReferenceProxy section */

/* Begin PBXResourcesBuildPhase section */
		9A94B04F1A72476F003117B8 /* Resources */ = {
			isa = PBXResourcesBuildPhase;
			buildActionMask = 2147483647;
			files = (
				9A6E17F61A7321FB0037F9F2 /* Images.xcassets in Resources */,
				9A94B05C1A72476F003117B8 /* Main.storyboard in Resources */,
				9A94B0611A72476F003117B8 /* LaunchScreen.xib in Resources */,
			);
			runOnlyForDeploymentPostprocessing = 0;
		};
		9A94B0641A72476F003117B8 /* Resources */ = {
			isa = PBXResourcesBuildPhase;
			buildActionMask = 2147483647;
			files = (
			);
			runOnlyForDeploymentPostprocessing = 0;
		};
/* End PBXResourcesBuildPhase section */

/* Begin PBXSourcesBuildPhase section */
		9A94B04D1A72476F003117B8 /* Sources */ = {
			isa = PBXSourcesBuildPhase;
			buildActionMask = 2147483647;
			files = (
				9A6E17F81A73534B0037F9F2 /* MainViewController.swift in Sources */,
				9A0408E91A79BA200062CD3D /* Extensions.swift in Sources */,
				9A94B0771A725A90003117B8 /* LoginRegisterViewController.swift in Sources */,
				9AF860451A76DBF8002951C5 /* CreateKeyViewController.swift in Sources */,
				9A0408E41A78D0E20062CD3D /* Post.swift in Sources */,
				9A6E17FC1A747A080037F9F2 /* FeedViewController.swift in Sources */,
				9A94B0571A72476F003117B8 /* AppDelegate.swift in Sources */,
				9A2BE2C31A75276A0012E2BA /* Gate.swift in Sources */,
				9A6E17FA1A7479FA0037F9F2 /* GatesViewController.swift in Sources */,
			);
			runOnlyForDeploymentPostprocessing = 0;
		};
		9A94B0621A72476F003117B8 /* Sources */ = {
			isa = PBXSourcesBuildPhase;
			buildActionMask = 2147483647;
			files = (
				9A94B06D1A72476F003117B8 /* GateTests.swift in Sources */,
			);
			runOnlyForDeploymentPostprocessing = 0;
		};
/* End PBXSourcesBuildPhase section */

/* Begin PBXTargetDependency section */
		9A6E17EE1A73111A0037F9F2 /* PBXTargetDependency */ = {
			isa = PBXTargetDependency;
			name = SwiftHTTP;
			targetProxy = 9A6E17ED1A73111A0037F9F2 /* PBXContainerItemProxy */;
		};
		9A94B0681A72476F003117B8 /* PBXTargetDependency */ = {
			isa = PBXTargetDependency;
			target = 9A94B0501A72476F003117B8 /* Gate */;
			targetProxy = 9A94B0671A72476F003117B8 /* PBXContainerItemProxy */;
		};
/* End PBXTargetDependency section */

/* Begin PBXVariantGroup section */
		9A94B05A1A72476F003117B8 /* Main.storyboard */ = {
			isa = PBXVariantGroup;
			children = (
				9A94B05B1A72476F003117B8 /* Base */,
			);
			name = Main.storyboard;
			sourceTree = "<group>";
		};
		9A94B05F1A72476F003117B8 /* LaunchScreen.xib */ = {
			isa = PBXVariantGroup;
			children = (
				9A94B0601A72476F003117B8 /* Base */,
			);
			name = LaunchScreen.xib;
			sourceTree = "<group>";
		};
/* End PBXVariantGroup section */

/* Begin XCBuildConfiguration section */
		9A94B06E1A72476F003117B8 /* Debug */ = {
			isa = XCBuildConfiguration;
			buildSettings = {
				ALWAYS_SEARCH_USER_PATHS = NO;
				CLANG_CXX_LANGUAGE_STANDARD = "gnu++0x";
				CLANG_CXX_LIBRARY = "libc++";
				CLANG_ENABLE_MODULES = YES;
				CLANG_ENABLE_OBJC_ARC = YES;
				CLANG_WARN_BOOL_CONVERSION = YES;
				CLANG_WARN_CONSTANT_CONVERSION = YES;
				CLANG_WARN_DIRECT_OBJC_ISA_USAGE = YES_ERROR;
				CLANG_WARN_EMPTY_BODY = YES;
				CLANG_WARN_ENUM_CONVERSION = YES;
				CLANG_WARN_INT_CONVERSION = YES;
				CLANG_WARN_OBJC_ROOT_CLASS = YES_ERROR;
				CLANG_WARN_UNREACHABLE_CODE = YES;
				CLANG_WARN__DUPLICATE_METHOD_MATCH = YES;
				"CODE_SIGN_IDENTITY[sdk=iphoneos*]" = "iPhone Developer";
				COPY_PHASE_STRIP = NO;
				ENABLE_STRICT_OBJC_MSGSEND = YES;
				GCC_C_LANGUAGE_STANDARD = gnu99;
				GCC_DYNAMIC_NO_PIC = NO;
				GCC_OPTIMIZATION_LEVEL = 0;
				GCC_PREPROCESSOR_DEFINITIONS = (
					"DEBUG=1",
					"$(inherited)",
				);
				GCC_SYMBOLS_PRIVATE_EXTERN = NO;
				GCC_WARN_64_TO_32_BIT_CONVERSION = YES;
				GCC_WARN_ABOUT_RETURN_TYPE = YES_ERROR;
				GCC_WARN_UNDECLARED_SELECTOR = YES;
				GCC_WARN_UNINITIALIZED_AUTOS = YES_AGGRESSIVE;
				GCC_WARN_UNUSED_FUNCTION = YES;
				GCC_WARN_UNUSED_VARIABLE = YES;
				IPHONEOS_DEPLOYMENT_TARGET = 8.1;
				MTL_ENABLE_DEBUG_INFO = YES;
				ONLY_ACTIVE_ARCH = YES;
				SDKROOT = iphoneos;
				SWIFT_OPTIMIZATION_LEVEL = "-Onone";
			};
			name = Debug;
		};
		9A94B06F1A72476F003117B8 /* Release */ = {
			isa = XCBuildConfiguration;
			buildSettings = {
				ALWAYS_SEARCH_USER_PATHS = NO;
				CLANG_CXX_LANGUAGE_STANDARD = "gnu++0x";
				CLANG_CXX_LIBRARY = "libc++";
				CLANG_ENABLE_MODULES = YES;
				CLANG_ENABLE_OBJC_ARC = YES;
				CLANG_WARN_BOOL_CONVERSION = YES;
				CLANG_WARN_CONSTANT_CONVERSION = YES;
				CLANG_WARN_DIRECT_OBJC_ISA_USAGE = YES_ERROR;
				CLANG_WARN_EMPTY_BODY = YES;
				CLANG_WARN_ENUM_CONVERSION = YES;
				CLANG_WARN_INT_CONVERSION = YES;
				CLANG_WARN_OBJC_ROOT_CLASS = YES_ERROR;
				CLANG_WARN_UNREACHABLE_CODE = YES;
				CLANG_WARN__DUPLICATE_METHOD_MATCH = YES;
				"CODE_SIGN_IDENTITY[sdk=iphoneos*]" = "iPhone Developer";
				COPY_PHASE_STRIP = YES;
				ENABLE_NS_ASSERTIONS = NO;
				ENABLE_STRICT_OBJC_MSGSEND = YES;
				GCC_C_LANGUAGE_STANDARD = gnu99;
				GCC_WARN_64_TO_32_BIT_CONVERSION = YES;
				GCC_WARN_ABOUT_RETURN_TYPE = YES_ERROR;
				GCC_WARN_UNDECLARED_SELECTOR = YES;
				GCC_WARN_UNINITIALIZED_AUTOS = YES_AGGRESSIVE;
				GCC_WARN_UNUSED_FUNCTION = YES;
				GCC_WARN_UNUSED_VARIABLE = YES;
				IPHONEOS_DEPLOYMENT_TARGET = 8.1;
				MTL_ENABLE_DEBUG_INFO = NO;
				SDKROOT = iphoneos;
				VALIDATE_PRODUCT = YES;
			};
			name = Release;
		};
		9A94B0711A72476F003117B8 /* Debug */ = {
			isa = XCBuildConfiguration;
			buildSettings = {
				ASSETCATALOG_COMPILER_APPICON_NAME = AppIcon;
				EMBEDDED_CONTENT_CONTAINS_SWIFT = YES;
				INFOPLIST_FILE = Gate/Info.plist;
				LD_RUNPATH_SEARCH_PATHS = "$(inherited) @executable_path/Frameworks";
				MTL_ENABLE_DEBUG_INFO = NO;
				PRODUCT_NAME = "$(TARGET_NAME)";
			};
			name = Debug;
		};
		9A94B0721A72476F003117B8 /* Release */ = {
			isa = XCBuildConfiguration;
			buildSettings = {
				ASSETCATALOG_COMPILER_APPICON_NAME = AppIcon;
				EMBEDDED_CONTENT_CONTAINS_SWIFT = YES;
				INFOPLIST_FILE = Gate/Info.plist;
				LD_RUNPATH_SEARCH_PATHS = "$(inherited) @executable_path/Frameworks";
				PRODUCT_NAME = "$(TARGET_NAME)";
			};
			name = Release;
		};
		9A94B0741A72476F003117B8 /* Debug */ = {
			isa = XCBuildConfiguration;
			buildSettings = {
				BUNDLE_LOADER = "$(TEST_HOST)";
				FRAMEWORK_SEARCH_PATHS = (
					"$(SDKROOT)/Developer/Library/Frameworks",
					"$(inherited)",
				);
				GCC_PREPROCESSOR_DEFINITIONS = (
					"DEBUG=1",
					"$(inherited)",
				);
				INFOPLIST_FILE = GateTests/Info.plist;
				LD_RUNPATH_SEARCH_PATHS = "$(inherited) @executable_path/Frameworks @loader_path/Frameworks";
				PRODUCT_NAME = "$(TARGET_NAME)";
				TEST_HOST = "$(BUILT_PRODUCTS_DIR)/Gate.app/Gate";
			};
			name = Debug;
		};
		9A94B0751A72476F003117B8 /* Release */ = {
			isa = XCBuildConfiguration;
			buildSettings = {
				BUNDLE_LOADER = "$(TEST_HOST)";
				FRAMEWORK_SEARCH_PATHS = (
					"$(SDKROOT)/Developer/Library/Frameworks",
					"$(inherited)",
				);
				INFOPLIST_FILE = GateTests/Info.plist;
				LD_RUNPATH_SEARCH_PATHS = "$(inherited) @executable_path/Frameworks @loader_path/Frameworks";
				PRODUCT_NAME = "$(TARGET_NAME)";
				TEST_HOST = "$(BUILT_PRODUCTS_DIR)/Gate.app/Gate";
			};
			name = Release;
		};
/* End XCBuildConfiguration section */

/* Begin XCConfigurationList section */
		9A94B04C1A72476F003117B8 /* Build configuration list for PBXProject "Gate" */ = {
			isa = XCConfigurationList;
			buildConfigurations = (
				9A94B06E1A72476F003117B8 /* Debug */,
				9A94B06F1A72476F003117B8 /* Release */,
			);
			defaultConfigurationIsVisible = 0;
			defaultConfigurationName = Release;
		};
		9A94B0701A72476F003117B8 /* Build configuration list for PBXNativeTarget "Gate" */ = {
			isa = XCConfigurationList;
			buildConfigurations = (
				9A94B0711A72476F003117B8 /* Debug */,
				9A94B0721A72476F003117B8 /* Release */,
			);
			defaultConfigurationIsVisible = 0;
			defaultConfigurationName = Release;
		};
		9A94B0731A72476F003117B8 /* Build configuration list for PBXNativeTarget "GateTests" */ = {
			isa = XCConfigurationList;
			buildConfigurations = (
				9A94B0741A72476F003117B8 /* Debug */,
				9A94B0751A72476F003117B8 /* Release */,
			);
			defaultConfigurationIsVisible = 0;
			defaultConfigurationName = Release;
		};
/* End XCConfigurationList section */
	};
	rootObject = 9A94B0491A72476F003117B8 /* Project object */;
}
